
Microsoft Visual Studio Solution File, Format Version 12.00
# Visual Studio Version 17
VisualStudioVersion = 17.7.34024.191
MinimumVisualStudioVersion = 10.0.40219.1
Project("{FAE04EC0-301F-11D3-BF4B-00C04F79EFBC}") = "GesPresta", "GesPresta\GesPresta.csproj", "{12DC09C9-E6B9-476F-B01D-BB915EA292E3}"
EndProject
Global
	GlobalSection(SolutionConfigurationPlatforms) = preSolution
		Debug|Any CPU = Debug|Any CPU
		Release|Any CPU = Release|Any CPU
	EndGlobalSection
	GlobalSection(ProjectConfigurationPlatforms) = postSolution
		{12DC09C9-E6B9-476F-B01D-BB915EA292E3}.Debug|Any CPU.ActiveCfg = Debug|Any CPU
		{12DC09C9-E6B9-476F-B01D-BB915EA292E3}.Debug|Any CPU.Build.0 = Debug|Any CPU
		{12DC09C9-E6B9-476F-B01D-BB915EA292E3}.Release|Any CPU.ActiveCfg = Release|Any CPU
		{12DC09C9-E6B9-476F-B01D-BB915EA292E3}.Release|Any CPU.Build.0 = Release|Any CPU
	EndGlobalSection
	GlobalSection(SolutionProperties) = preSolution
		HideSolutionNode = FALSE
	EndGlobalSection
	GlobalSection(ExtensibilityGlobals) = postSolution
		SolutionGuid = {48A9ADE6-97EE-4573-B04F-DEEF9F1503A5}
	EndGlobalSection
EndGlobal
